<?xml version="1.0" encoding="utf-8"?>
<Project ToolsVersion="4.0" xmlns="http://schemas.microsoft.com/developer/msbuild/2003">
  <ItemGroup>
    <Filter Include="ソース ファイル">
      <UniqueIdentifier>{4FC737F1-C7A5-4376-A066-2A32D752A2FF}</UniqueIdentifier>
      <Extensions>cpp;c;cc;cxx;def;odl;idl;hpj;bat;asm;asmx</Extensions>
    </Filter>
    <Filter Include="ヘッダー ファイル">
      <UniqueIdentifier>{93995380-89BD-4b04-88EB-625FBE52EBFB}</UniqueIdentifier>
      <Extensions>h;hh;hpp;hxx;hm;inl;inc;ipp;xsd</Extensions>
    </Filter>
    <Filter Include="リソース ファイル">
      <UniqueIdentifier>{67DA6AB6-F800-4c08-8B7A-83BB121AAD01}</UniqueIdentifier>
      <Extensions>rc;ico;cur;bmp;dlg;rc2;rct;bin;rgs;gif;jpg;jpeg;jpe;resx;tiff;tif;png;wav;mfcribbon-ms</Extensions>
    </Filter>
    <Filter Include="ヘッダー ファイル\System">
      <UniqueIdentifier>{f031af24-acf5-4508-a2a3-e8d8551be077}</UniqueIdentifier>
    </Filter>
    <Filter Include="ソース ファイル\System">
      <UniqueIdentifier>{96b111c3-79fe-46e9-b7bd-dc8fa9f04c3e}</UniqueIdentifier>
    </Filter>
    <Filter Include="ソース ファイル\Scene">
      <UniqueIdentifier>{03b423fb-3413-4023-b18e-d333d2d9a8a8}</UniqueIdentifier>
    </Filter>
    <Filter Include="ヘッダー ファイル\Scene">
      <UniqueIdentifier>{38c3c616-9779-4a5c-87e9-e8795382014f}</UniqueIdentifier>
    </Filter>
    <Filter Include="ソース ファイル\Game">
      <UniqueIdentifier>{356f9f30-4067-41f8-ac79-2905ad42da8c}</UniqueIdentifier>
    </Filter>
    <Filter Include="ヘッダー ファイル\Game">
      <UniqueIdentifier>{3d218c2f-18cd-4fee-a5cd-81c97eed72ff}</UniqueIdentifier>
    </Filter>
    <Filter Include="ヘッダー ファイル\Utility">
      <UniqueIdentifier>{841e2782-813d-411e-a50e-0ea2fe74add4}</UniqueIdentifier>
    </Filter>
    <Filter Include="ソース ファイル\Game\Actor">
      <UniqueIdentifier>{f5abaf48-87fd-46ea-8784-84106d93e59a}</UniqueIdentifier>
    </Filter>
    <Filter Include="ソース ファイル\Game\Actor\Effect">
      <UniqueIdentifier>{61ff160c-a448-4dfc-a2f9-c42f74e35de6}</UniqueIdentifier>
    </Filter>
    <Filter Include="ヘッダー ファイル\Game\Actor">
      <UniqueIdentifier>{376a20d8-3562-436f-9106-d54876bb73b5}</UniqueIdentifier>
    </Filter>
    <Filter Include="ヘッダー ファイル\Game\Actor\Effect">
      <UniqueIdentifier>{c0253d92-506e-43b9-b544-c43351476d4b}</UniqueIdentifier>
    </Filter>
    <Filter Include="ソース ファイル\Game\Actor\Commander">
      <UniqueIdentifier>{128d5c71-9092-43e5-9920-d3bffa98e686}</UniqueIdentifier>
    </Filter>
    <Filter Include="ヘッダー ファイル\Game\Actor\Commander">
      <UniqueIdentifier>{ea11d55e-b96c-4abf-8062-7e3cefc25ff7}</UniqueIdentifier>
    </Filter>
    <Filter Include="ソース ファイル\Game\Actor\Charactor">
      <UniqueIdentifier>{cf52a1eb-5bb6-4eab-b73c-5bffa5b62a64}</UniqueIdentifier>
    </Filter>
    <Filter Include="ヘッダー ファイル\Game\Actor\Charactor">
      <UniqueIdentifier>{17c0c6fc-7d7e-45f4-91b3-358b98acb8a2}</UniqueIdentifier>
    </Filter>
    <Filter Include="ソース ファイル\Game\UI">
      <UniqueIdentifier>{7d0861fa-c0fc-44f8-b5c0-1ceae1d1f9f4}</UniqueIdentifier>
    </Filter>
    <Filter Include="ヘッダー ファイル\Game\UI">
      <UniqueIdentifier>{3deaf85b-c19e-4d3c-8ee7-bc3d7472f34d}</UniqueIdentifier>
    </Filter>
    <Filter Include="ソース ファイル\Game\Actor\Effect\BattleEffect">
      <UniqueIdentifier>{ff5e0d89-8686-4008-ab4a-4fb6a68681cd}</UniqueIdentifier>
    </Filter>
    <Filter Include="ヘッダー ファイル\Game\Actor\Effect\BattleEffect">
      <UniqueIdentifier>{c41cfa6b-30fc-4688-a796-b59ec5ffef96}</UniqueIdentifier>
    </Filter>
    <Filter Include="ソース ファイル\Utility">
      <UniqueIdentifier>{e7df3acf-f9d6-4bda-9e57-f2f2ed6a7135}</UniqueIdentifier>
    </Filter>
    <Filter Include="ソース ファイル\Game\UI\UILIst">
      <UniqueIdentifier>{e7f6386d-e774-4b59-911d-67d1acecf934}</UniqueIdentifier>
    </Filter>
    <Filter Include="ヘッダー ファイル\Game\UI\UIList">
      <UniqueIdentifier>{de754d78-5984-4327-a075-03d3375ef144}</UniqueIdentifier>
    </Filter>
  </ItemGroup>
  <ItemGroup>
    <ClCompile Include="Resource\Source\System\FileSystem.cpp">
      <Filter>ソース ファイル\System</Filter>
    </ClCompile>
    <ClCompile Include="Resource\Source\System\ImageLoader.cpp">
      <Filter>ソース ファイル\System</Filter>
    </ClCompile>
    <ClCompile Include="Resource\Source\System\Loader.cpp">
      <Filter>ソース ファイル\System</Filter>
    </ClCompile>
    <ClCompile Include="Resource\Source\Scene\PlayScene.cpp">
      <Filter>ソース ファイル\Scene</Filter>
    </ClCompile>
    <ClCompile Include="Resource\Source\Scene\Scene.cpp">
      <Filter>ソース ファイル\Scene</Filter>
    </ClCompile>
    <ClCompile Include="Resource\Source\Scene\SceneController.cpp">
      <Filter>ソース ファイル\Scene</Filter>
    </ClCompile>
    <ClCompile Include="Resource\Source\Scene\MapEditScene.cpp">
      <Filter>ソース ファイル\Scene</Filter>
    </ClCompile>
    <ClCompile Include="Resource\Source\Game\MapCtrl.cpp">
      <Filter>ソース ファイル\Game</Filter>
    </ClCompile>
    <ClCompile Include="Resource\Source\Game\Camera.cpp">
      <Filter>ソース ファイル\Game</Filter>
    </ClCompile>
    <ClCompile Include="Resource\Source\System\main.cpp">
      <Filter>ソース ファイル\System</Filter>
    </ClCompile>
    <ClCompile Include="Resource\Source\System\Application.cpp">
      <Filter>ソース ファイル\System</Filter>
    </ClCompile>
    <ClCompile Include="Resource\Source\Game\Astar.cpp">
      <Filter>ソース ファイル\Game</Filter>
    </ClCompile>
    <ClCompile Include="Resource\Source\Game\Animator.cpp">
      <Filter>ソース ファイル\Game</Filter>
    </ClCompile>
    <ClCompile Include="Resource\Source\Scene\BattleScene.cpp">
      <Filter>ソース ファイル\Scene</Filter>
    </ClCompile>
    <ClCompile Include="Resource\Source\Game\Actor.cpp">
      <Filter>ソース ファイル\Game\Actor</Filter>
    </ClCompile>
    <ClCompile Include="Resource\Source\Game\EditCursor.cpp">
      <Filter>ソース ファイル\Game\Actor</Filter>
    </ClCompile>
    <ClCompile Include="Resource\Source\Game\MapCursor.cpp">
      <Filter>ソース ファイル\Game\Actor</Filter>
    </ClCompile>
    <ClCompile Include="Resource\Source\System\FontLoader.cpp">
      <Filter>ソース ファイル\System</Filter>
    </ClCompile>
    <ClCompile Include="Resource\Source\Game\Team.cpp">
      <Filter>ソース ファイル\Game</Filter>
    </ClCompile>
    <ClCompile Include="Resource\Source\Game\Commander.cpp">
      <Filter>ソース ファイル\Game\Actor\Commander</Filter>
    </ClCompile>
    <ClCompile Include="Resource\Source\Game\EnemyCommander.cpp">
      <Filter>ソース ファイル\Game\Actor\Commander</Filter>
    </ClCompile>
    <ClCompile Include="Resource\Source\Game\PlayerCommander.cpp">
      <Filter>ソース ファイル\Game\Actor\Commander</Filter>
    </ClCompile>
    <ClCompile Include="Resource\Source\Game\TurnChangeAnim.cpp">
      <Filter>ソース ファイル\Game\Actor</Filter>
    </ClCompile>
    <ClCompile Include="Resource\Source\Game\BattleCharactor.cpp">
      <Filter>ソース ファイル\Game\Actor</Filter>
    </ClCompile>
    <ClCompile Include="Resource\Source\Game\Soldier.cpp">
      <Filter>ソース ファイル\Game\Actor\Charactor</Filter>
    </ClCompile>
    <ClCompile Include="Resource\Source\Game\Charactor.cpp">
      <Filter>ソース ファイル\Game\Actor\Charactor</Filter>
    </ClCompile>
    <ClCompile Include="Resource\Source\Game\Warrior.cpp">
      <Filter>ソース ファイル\Game\Actor\Charactor</Filter>
    </ClCompile>
    <ClCompile Include="Resource\Source\Game\Swordsman.cpp">
      <Filter>ソース ファイル\Game\Actor\Charactor</Filter>
    </ClCompile>
    <ClCompile Include="Resource\Source\Game\DataBase.cpp">
      <Filter>ソース ファイル\Game</Filter>
    </ClCompile>
    <ClCompile Include="Resource\Source\Game\Archer.cpp">
      <Filter>ソース ファイル\Game\Actor\Charactor</Filter>
    </ClCompile>
    <ClCompile Include="Resource\Source\Game\Mage.cpp">
      <Filter>ソース ファイル\Game\Actor\Charactor</Filter>
    </ClCompile>
    <ClCompile Include="Resource\Source\Game\UI\UI.cpp">
      <Filter>ソース ファイル\Game\UI</Filter>
    </ClCompile>
    <ClCompile Include="Resource\Source\Game\UI\Menu.cpp">
      <Filter>ソース ファイル\Game\UI</Filter>
    </ClCompile>
    <ClCompile Include="Resource\Source\Game\UI\PlayerUI.cpp">
      <Filter>ソース ファイル\Game\UI</Filter>
    </ClCompile>
    <ClCompile Include="Resource\Source\Game\UI\CheckWindow.cpp">
      <Filter>ソース ファイル\Game\UI</Filter>
    </ClCompile>
    <ClCompile Include="Resource\Source\Game\UI\WarSituation.cpp">
      <Filter>ソース ファイル\Game\UI</Filter>
    </ClCompile>
    <ClCompile Include="Resource\Source\Game\UI\StatusWindow.cpp">
      <Filter>ソース ファイル\Game\UI</Filter>
    </ClCompile>
    <ClCompile Include="Resource\Source\Game\UI\StatusInfomation.cpp">
      <Filter>ソース ファイル\Game\UI</Filter>
    </ClCompile>
    <ClCompile Include="Resource\Source\Game\UI\BattlePrediction.cpp">
      <Filter>ソース ファイル\Game\UI</Filter>
    </ClCompile>
    <ClCompile Include="Resource\Source\Game\Status.cpp">
      <Filter>ソース ファイル\Game\Actor\Charactor</Filter>
    </ClCompile>
    <ClCompile Include="Resource\Source\Game\Priest.cpp">
      <Filter>ソース ファイル\Game\Actor\Charactor</Filter>
    </ClCompile>
    <ClCompile Include="Resource\Source\Game\UI\PlayerMenu.cpp">
      <Filter>ソース ファイル\Game\UI</Filter>
    </ClCompile>
    <ClCompile Include="Resource\Source\Game\UI\MoveMenu.cpp">
      <Filter>ソース ファイル\Game\UI</Filter>
    </ClCompile>
    <ClCompile Include="Resource\Source\Game\Effect\MissEffect.cpp">
      <Filter>ソース ファイル\Game\Actor\Effect</Filter>
    </ClCompile>
    <ClCompile Include="Resource\Source\Game\Effect\CorsorTarget.cpp">
      <Filter>ソース ファイル\Game\Actor\Effect</Filter>
    </ClCompile>
    <ClCompile Include="Resource\Source\Game\Effect\Effect.cpp">
      <Filter>ソース ファイル\Game\Actor\Effect</Filter>
    </ClCompile>
    <ClCompile Include="Resource\Source\Game\Effect\FlyText.cpp">
      <Filter>ソース ファイル\Game\Actor\Effect</Filter>
    </ClCompile>
    <ClCompile Include="Resource\Source\Game\Effect\BattleEffect\BattleEffect.cpp">
      <Filter>ソース ファイル\Game\Actor\Effect\BattleEffect</Filter>
    </ClCompile>
    <ClCompile Include="Resource\Source\Game\Effect\BattleEffect\SlashingEffect.cpp">
      <Filter>ソース ファイル\Game\Actor\Effect\BattleEffect</Filter>
    </ClCompile>
    <ClCompile Include="Resource\Source\Game\Effect\BattleEffect\ArrowEffect.cpp">
      <Filter>ソース ファイル\Game\Actor\Effect\BattleEffect</Filter>
    </ClCompile>
    <ClCompile Include="Resource\Source\Game\Effect\BattleEffect\MagicEffect.cpp">
      <Filter>ソース ファイル\Game\Actor\Effect\BattleEffect</Filter>
    </ClCompile>
    <ClCompile Include="Resource\Source\Game\Effect\BattleEffect\RecoverEffect.cpp">
      <Filter>ソース ファイル\Game\Actor\Effect\BattleEffect</Filter>
    </ClCompile>
    <ClCompile Include="Resource\Source\Game\UI\Experience.cpp">
      <Filter>ソース ファイル\Game\UI</Filter>
    </ClCompile>
    <ClCompile Include="Resource\Source\Game\BattlePreparationCursor.cpp">
      <Filter>ソース ファイル\Game\Actor</Filter>
    </ClCompile>
    <ClCompile Include="Resource\Source\Game\UI\PreparationUI.cpp">
      <Filter>ソース ファイル\Game\UI</Filter>
    </ClCompile>
    <ClCompile Include="Resource\Source\Scene\MapSelectScene.cpp">
      <Filter>ソース ファイル\Scene</Filter>
    </ClCompile>
    <ClCompile Include="Resource\Source\Game\SaveData.cpp">
      <Filter>ソース ファイル\Game</Filter>
    </ClCompile>
    <ClCompile Include="Resource\Source\Game\MapSelectCharactor.cpp">
      <Filter>ソース ファイル\Game\Actor</Filter>
    </ClCompile>
    <ClCompile Include="Resource\Source\Game\Fade.cpp">
      <Filter>ソース ファイル\Game</Filter>
    </ClCompile>
    <ClCompile Include="Resource\Source\Game\Effect\TerrainDamageEffect.cpp">
      <Filter>ソース ファイル\Game\Actor\Effect</Filter>
    </ClCompile>
    <ClCompile Include="Resource\Source\Game\Effect\TerrainRecoverEffect.cpp">
      <Filter>ソース ファイル\Game\Actor\Effect</Filter>
    </ClCompile>
    <ClCompile Include="Resource\Source\Game\UI\TerrainInf.cpp">
      <Filter>ソース ファイル\Game\UI</Filter>
    </ClCompile>
    <ClCompile Include="Resource\Source\Game\UI\MenuTopInf.cpp">
      <Filter>ソース ファイル\Game\UI</Filter>
    </ClCompile>
    <ClCompile Include="Resource\Source\System\SoundLoader.cpp">
      <Filter>ソース ファイル\System</Filter>
    </ClCompile>
    <ClCompile Include="Resource\Source\Utility\Input.cpp">
      <Filter>ソース ファイル\Utility</Filter>
    </ClCompile>
    <ClCompile Include="Resource\Source\Utility\TimeLine.cpp">
      <Filter>ソース ファイル\Utility</Filter>
    </ClCompile>
    <ClCompile Include="Resource\Source\Utility\AnkerCalculation.cpp">
      <Filter>ソース ファイル\Utility</Filter>
    </ClCompile>
    <ClCompile Include="Resource\Source\Utility\DxLibUtility.cpp">
      <Filter>ソース ファイル\Utility</Filter>
    </ClCompile>
    <ClCompile Include="Resource\Source\Utility\Geometry.cpp">
      <Filter>ソース ファイル\Utility</Filter>
    </ClCompile>
    <ClCompile Include="Resource\Source\Game\UI\UIList\UIList.cpp">
      <Filter>ソース ファイル\Game\UI\UILIst</Filter>
    </ClCompile>
    <ClCompile Include="Resource\Source\Game\UI\UIList\UIListItem.cpp">
      <Filter>ソース ファイル\Game\UI\UILIst</Filter>
    </ClCompile>
    <ClCompile Include="Resource\Source\Game\UI\UIList\WeaponList.cpp">
      <Filter>ソース ファイル\Game\UI\UILIst</Filter>
    </ClCompile>
    <ClCompile Include="Resource\Source\Game\UI\UIList\WeaponListItem.cpp">
      <Filter>ソース ファイル\Game\UI\UILIst</Filter>
    </ClCompile>
    <ClCompile Include="Resource\Source\Game\WeaponData.cpp">
      <Filter>ソース ファイル\Game</Filter>
    </ClCompile>
    <ClCompile Include="Resource\Source\Game\UI\SelectPen.cpp">
      <Filter>ソース ファイル\Game\UI</Filter>
    </ClCompile>
    <ClCompile Include="Resource\Source\Game\UI\WeaponStatusWindow.cpp">
      <Filter>ソース ファイル\Game\UI</Filter>
    </ClCompile>
  </ItemGroup>
  <ItemGroup>
    <ClInclude Include="Resource\Source\Scene\PlayScene.h">
      <Filter>ヘッダー ファイル\Scene</Filter>
    </ClInclude>
    <ClInclude Include="Resource\Source\Scene\Scene.h">
      <Filter>ヘッダー ファイル\Scene</Filter>
    </ClInclude>
    <ClInclude Include="Resource\Source\Scene\SceneController.h">
      <Filter>ヘッダー ファイル\Scene</Filter>
    </ClInclude>
    <ClInclude Include="Resource\Source\System\Loader.h">
      <Filter>ヘッダー ファイル\System</Filter>
    </ClInclude>
    <ClInclude Include="Resource\Source\System\ImageLoader.h">
      <Filter>ヘッダー ファイル\System</Filter>
    </ClInclude>
    <ClInclude Include="Resource\Source\System\FileSystem.h">
      <Filter>ヘッダー ファイル\System</Filter>
    </ClInclude>
    <ClInclude Include="Resource\Source\Scene\MapEditScene.h">
      <Filter>ヘッダー ファイル\Scene</Filter>
    </ClInclude>
    <ClInclude Include="Resource\Source\Game\MapCtrl.h">
      <Filter>ヘッダー ファイル\Game</Filter>
    </ClInclude>
    <ClInclude Include="Resource\Source\Game\MapChip.h">
      <Filter>ヘッダー ファイル\Game</Filter>
    </ClInclude>
    <ClInclude Include="Resource\Source\Game\Camera.h">
      <Filter>ヘッダー ファイル\Game</Filter>
    </ClInclude>
    <ClInclude Include="Resource\Source\Utility\DxLibUtility.h">
      <Filter>ヘッダー ファイル\Utility</Filter>
    </ClInclude>
    <ClInclude Include="Resource\Source\Utility\Input.h">
      <Filter>ヘッダー ファイル\Utility</Filter>
    </ClInclude>
    <ClInclude Include="Resource\Source\System\Application.h">
      <Filter>ヘッダー ファイル\System</Filter>
    </ClInclude>
    <ClInclude Include="Resource\Source\Game\Astar.h">
      <Filter>ヘッダー ファイル\Game</Filter>
    </ClInclude>
    <ClInclude Include="Resource\Source\Utility\Geometry.h">
      <Filter>ヘッダー ファイル\Utility</Filter>
    </ClInclude>
    <ClInclude Include="Resource\Source\Utility\Dir.h">
      <Filter>ヘッダー ファイル\Utility</Filter>
    </ClInclude>
    <ClInclude Include="Resource\Source\Game\Team.h">
      <Filter>ヘッダー ファイル\Game</Filter>
    </ClInclude>
    <ClInclude Include="Resource\Source\Game\Animator.h">
      <Filter>ヘッダー ファイル\Game</Filter>
    </ClInclude>
    <ClInclude Include="Resource\Source\Scene\BattleScene.h">
      <Filter>ヘッダー ファイル\Scene</Filter>
    </ClInclude>
    <ClInclude Include="Resource\Source\Game\Actor.h">
      <Filter>ヘッダー ファイル\Game\Actor</Filter>
    </ClInclude>
    <ClInclude Include="Resource\Source\Game\EditCursor.h">
      <Filter>ヘッダー ファイル\Game\Actor</Filter>
    </ClInclude>
    <ClInclude Include="Resource\Source\Game\MapCursor.h">
      <Filter>ヘッダー ファイル\Game\Actor</Filter>
    </ClInclude>
    <ClInclude Include="Resource\Source\System\FontLoader.h">
      <Filter>ヘッダー ファイル\System</Filter>
    </ClInclude>
    <ClInclude Include="Resource\Source\Game\Commander.h">
      <Filter>ヘッダー ファイル\Game\Actor\Commander</Filter>
    </ClInclude>
    <ClInclude Include="Resource\Source\Game\EnemyCommander.h">
      <Filter>ヘッダー ファイル\Game\Actor\Commander</Filter>
    </ClInclude>
    <ClInclude Include="Resource\Source\Game\PlayerCommander.h">
      <Filter>ヘッダー ファイル\Game\Actor\Commander</Filter>
    </ClInclude>
    <ClInclude Include="Resource\Source\Game\TurnChangeAnim.h">
      <Filter>ヘッダー ファイル\Game\Actor</Filter>
    </ClInclude>
    <ClInclude Include="Resource\Source\Utility\TimeLine.h">
      <Filter>ヘッダー ファイル\Utility</Filter>
    </ClInclude>
    <ClInclude Include="Resource\Source\Game\BattleCharactor.h">
      <Filter>ヘッダー ファイル\Game\Actor</Filter>
    </ClInclude>
    <ClInclude Include="Resource\Source\Game\Soldier.h">
      <Filter>ヘッダー ファイル\Game\Actor\Charactor</Filter>
    </ClInclude>
    <ClInclude Include="Resource\Source\Game\Warrior.h">
      <Filter>ヘッダー ファイル\Game\Actor\Charactor</Filter>
    </ClInclude>
    <ClInclude Include="Resource\Source\Game\Swordsman.h">
      <Filter>ヘッダー ファイル\Game\Actor\Charactor</Filter>
    </ClInclude>
    <ClInclude Include="Resource\Source\Game\Charactor.h">
      <Filter>ヘッダー ファイル\Game\Actor\Charactor</Filter>
    </ClInclude>
    <ClInclude Include="Resource\Source\Game\DataBase.h">
      <Filter>ヘッダー ファイル\Game</Filter>
    </ClInclude>
    <ClInclude Include="Resource\Source\Game\Archer.h">
      <Filter>ヘッダー ファイル\Game\Actor\Charactor</Filter>
    </ClInclude>
    <ClInclude Include="Resource\Source\Game\Mage.h">
      <Filter>ヘッダー ファイル\Game\Actor\Charactor</Filter>
    </ClInclude>
    <ClInclude Include="Resource\Source\Game\UI\UI.h">
      <Filter>ヘッダー ファイル\Game\UI</Filter>
    </ClInclude>
    <ClInclude Include="Resource\Source\Game\UI\Menu.h">
      <Filter>ヘッダー ファイル\Game\UI</Filter>
    </ClInclude>
    <ClInclude Include="Resource\Source\Game\UI\PlayerUI.h">
      <Filter>ヘッダー ファイル\Game\UI</Filter>
    </ClInclude>
    <ClInclude Include="Resource\Source\Game\UI\CheckWindow.h">
      <Filter>ヘッダー ファイル\Game\UI</Filter>
    </ClInclude>
    <ClInclude Include="Resource\Source\Game\UI\WarSituation.h">
      <Filter>ヘッダー ファイル\Game\UI</Filter>
    </ClInclude>
    <ClInclude Include="Resource\Source\Game\UI\StatusWindow.h">
      <Filter>ヘッダー ファイル\Game\UI</Filter>
    </ClInclude>
    <ClInclude Include="Resource\Source\Game\UI\StatusInfomation.h">
      <Filter>ヘッダー ファイル\Game\UI</Filter>
    </ClInclude>
    <ClInclude Include="Resource\Source\Game\UI\BattlePrediction.h">
      <Filter>ヘッダー ファイル\Game\UI</Filter>
    </ClInclude>
    <ClInclude Include="Resource\Source\Game\Status.h">
      <Filter>ヘッダー ファイル\Game\Actor\Charactor</Filter>
    </ClInclude>
    <ClInclude Include="Resource\Source\Game\Priest.h">
      <Filter>ヘッダー ファイル\Game\Actor\Charactor</Filter>
    </ClInclude>
    <ClInclude Include="Resource\Source\Game\CharactorType.h">
      <Filter>ヘッダー ファイル\Game\Actor\Charactor</Filter>
    </ClInclude>
    <ClInclude Include="Resource\Source\Game\UI\PlayerMenu.h">
      <Filter>ヘッダー ファイル\Game\UI</Filter>
    </ClInclude>
    <ClInclude Include="Resource\Source\Game\UI\MoveMenu.h">
      <Filter>ヘッダー ファイル\Game\UI</Filter>
    </ClInclude>
    <ClInclude Include="Resource\Source\Game\Effect\BattleEffect\BattleEffect.h">
      <Filter>ヘッダー ファイル\Game\Actor\Effect\BattleEffect</Filter>
    </ClInclude>
    <ClInclude Include="Resource\Source\Game\Effect\FlyText.h">
      <Filter>ヘッダー ファイル\Game\Actor\Effect</Filter>
    </ClInclude>
    <ClInclude Include="Resource\Source\Game\Effect\MissEffect.h">
      <Filter>ヘッダー ファイル\Game\Actor\Effect</Filter>
    </ClInclude>
    <ClInclude Include="Resource\Source\Game\Effect\CorsorTarget.h">
      <Filter>ヘッダー ファイル\Game\Actor\Effect</Filter>
    </ClInclude>
    <ClInclude Include="Resource\Source\Game\Effect\Effect.h">
      <Filter>ヘッダー ファイル\Game\Actor\Effect</Filter>
    </ClInclude>
    <ClInclude Include="Resource\Source\Game\Effect\BattleEffect\SlashingEffect.h">
      <Filter>ヘッダー ファイル\Game\Actor\Effect\BattleEffect</Filter>
    </ClInclude>
    <ClInclude Include="Resource\Source\Game\Effect\BattleEffect\ArrowEffect.h">
      <Filter>ヘッダー ファイル\Game\Actor\Effect\BattleEffect</Filter>
    </ClInclude>
    <ClInclude Include="Resource\Source\Game\Effect\BattleEffect\RecoverEffect.h">
      <Filter>ヘッダー ファイル\Game\Actor\Effect\BattleEffect</Filter>
    </ClInclude>
    <ClInclude Include="Resource\Source\Game\Effect\BattleEffect\MagicEffect.h">
      <Filter>ヘッダー ファイル\Game\Actor\Effect\BattleEffect</Filter>
    </ClInclude>
    <ClInclude Include="Resource\Source\Game\UI\Experience.h">
      <Filter>ヘッダー ファイル\Game\UI</Filter>
    </ClInclude>
    <ClInclude Include="Resource\Source\Game\BattlePreparationCursor.h">
      <Filter>ヘッダー ファイル\Game\Actor</Filter>
    </ClInclude>
    <ClInclude Include="Resource\Source\Game\UI\PreparationUI.h">
      <Filter>ヘッダー ファイル\Game\UI</Filter>
    </ClInclude>
    <ClInclude Include="Resource\Source\Scene\MapSelectScene.h">
      <Filter>ヘッダー ファイル\Scene</Filter>
    </ClInclude>
    <ClInclude Include="Resource\Source\Game\SaveData.h">
      <Filter>ヘッダー ファイル\Game</Filter>
    </ClInclude>
    <ClInclude Include="Resource\Source\Game\MapSelectCharactor.h">
      <Filter>ヘッダー ファイル\Game\Actor</Filter>
    </ClInclude>
    <ClInclude Include="Resource\Source\Game\Fade.h">
      <Filter>ヘッダー ファイル\Game</Filter>
    </ClInclude>
    <ClInclude Include="Resource\Source\Game\Effect\TerrainRecoverEffect.h">
      <Filter>ヘッダー ファイル\Game\Actor\Effect</Filter>
    </ClInclude>
    <ClInclude Include="Resource\Source\Game\Effect\TerrainDamageEffect.h">
      <Filter>ヘッダー ファイル\Game\Actor\Effect</Filter>
    </ClInclude>
    <ClInclude Include="Resource\Source\Game\UI\TerrainInf.h">
      <Filter>ヘッダー ファイル\Game\UI</Filter>
    </ClInclude>
    <ClInclude Include="Resource\Source\Game\UI\MenuTopInf.h">
      <Filter>ヘッダー ファイル\Game\UI</Filter>
    </ClInclude>
    <ClInclude Include="Resource\Source\Utility\AnkerCalculation.h">
      <Filter>ヘッダー ファイル\Utility</Filter>
    </ClInclude>
    <ClInclude Include="Resource\Source\Game\WeaponData.h">
      <Filter>ヘッダー ファイル\Game</Filter>
    </ClInclude>
    <ClInclude Include="Resource\Source\System\SoundLoader.h">
      <Filter>ヘッダー ファイル\System</Filter>
    </ClInclude>
    <ClInclude Include="Resource\Source\Game\UI\UIList\UIList.h">
      <Filter>ヘッダー ファイル\Game\UI\UIList</Filter>
    </ClInclude>
    <ClInclude Include="Resource\Source\Game\UI\UIList\UIListItem.h">
      <Filter>ヘッダー ファイル\Game\UI\UIList</Filter>
    </ClInclude>
    <ClInclude Include="Resource\Source\Game\UI\UIList\WeaponList.h">
      <Filter>ヘッダー ファイル\Game\UI\UIList</Filter>
    </ClInclude>
    <ClInclude Include="Resource\Source\Game\UI\UIList\WeaponListItem.h">
      <Filter>ヘッダー ファイル\Game\UI\UIList</Filter>
    </ClInclude>
    <ClInclude Include="Resource\Source\Game\UI\SelectPen.h">
      <Filter>ヘッダー ファイル\Game\UI</Filter>
    </ClInclude>
    <ClInclude Include="Resource\Source\Game\UI\WeaponStatusWindow.h">
      <Filter>ヘッダー ファイル\Game\UI</Filter>
    </ClInclude>
  </ItemGroup>
</Project>