<?xml version="1.0" encoding="utf-8"?>
<Project ToolsVersion="4.0" xmlns="http://schemas.microsoft.com/developer/msbuild/2003">
  <ItemGroup>
    <Filter Include="ソース ファイル">
      <UniqueIdentifier>{4FC737F1-C7A5-4376-A066-2A32D752A2FF}</UniqueIdentifier>
      <Extensions>cpp;c;cc;cxx;def;odl;idl;hpj;bat;asm;asmx</Extensions>
    </Filter>
    <Filter Include="ヘッダー ファイル">
      <UniqueIdentifier>{93995380-89BD-4b04-88EB-625FBE52EBFB}</UniqueIdentifier>
      <Extensions>h;hh;hpp;hxx;hm;inl;inc;ipp;xsd</Extensions>
    </Filter>
    <Filter Include="リソース ファイル">
      <UniqueIdentifier>{67DA6AB6-F800-4c08-8B7A-83BB121AAD01}</UniqueIdentifier>
      <Extensions>rc;ico;cur;bmp;dlg;rc2;rct;bin;rgs;gif;jpg;jpeg;jpe;resx;tiff;tif;png;wav;mfcribbon-ms</Extensions>
    </Filter>
    <Filter Include="ヘッダー ファイル\System">
      <UniqueIdentifier>{f031af24-acf5-4508-a2a3-e8d8551be077}</UniqueIdentifier>
    </Filter>
    <Filter Include="ソース ファイル\System">
      <UniqueIdentifier>{96b111c3-79fe-46e9-b7bd-dc8fa9f04c3e}</UniqueIdentifier>
    </Filter>
    <Filter Include="ソース ファイル\Scene">
      <UniqueIdentifier>{03b423fb-3413-4023-b18e-d333d2d9a8a8}</UniqueIdentifier>
    </Filter>
    <Filter Include="ヘッダー ファイル\Scene">
      <UniqueIdentifier>{38c3c616-9779-4a5c-87e9-e8795382014f}</UniqueIdentifier>
    </Filter>
    <Filter Include="ソース ファイル\Game">
      <UniqueIdentifier>{356f9f30-4067-41f8-ac79-2905ad42da8c}</UniqueIdentifier>
    </Filter>
    <Filter Include="ヘッダー ファイル\Game">
      <UniqueIdentifier>{3d218c2f-18cd-4fee-a5cd-81c97eed72ff}</UniqueIdentifier>
    </Filter>
    <Filter Include="ヘッダー ファイル\Utility">
      <UniqueIdentifier>{841e2782-813d-411e-a50e-0ea2fe74add4}</UniqueIdentifier>
    </Filter>
    <Filter Include="ソース ファイル\Utility">
      <UniqueIdentifier>{02abb838-d30f-4c79-be1e-ebdae6d985da}</UniqueIdentifier>
    </Filter>
    <Filter Include="ソース ファイル\Game\Actor">
      <UniqueIdentifier>{f5abaf48-87fd-46ea-8784-84106d93e59a}</UniqueIdentifier>
    </Filter>
    <Filter Include="ソース ファイル\Game\Actor\Effect">
      <UniqueIdentifier>{61ff160c-a448-4dfc-a2f9-c42f74e35de6}</UniqueIdentifier>
    </Filter>
    <Filter Include="ヘッダー ファイル\Game\Actor">
      <UniqueIdentifier>{376a20d8-3562-436f-9106-d54876bb73b5}</UniqueIdentifier>
    </Filter>
    <Filter Include="ヘッダー ファイル\Game\Actor\Effect">
      <UniqueIdentifier>{c0253d92-506e-43b9-b544-c43351476d4b}</UniqueIdentifier>
    </Filter>
  </ItemGroup>
  <ItemGroup>
    <ClCompile Include="Resource\Source\System\FileSystem.cpp">
      <Filter>ソース ファイル\System</Filter>
    </ClCompile>
    <ClCompile Include="Resource\Source\System\ImageLoader.cpp">
      <Filter>ソース ファイル\System</Filter>
    </ClCompile>
    <ClCompile Include="Resource\Source\System\Loader.cpp">
      <Filter>ソース ファイル\System</Filter>
    </ClCompile>
    <ClCompile Include="Resource\Source\Scene\PlayScene.cpp">
      <Filter>ソース ファイル\Scene</Filter>
    </ClCompile>
    <ClCompile Include="Resource\Source\Scene\Scene.cpp">
      <Filter>ソース ファイル\Scene</Filter>
    </ClCompile>
    <ClCompile Include="Resource\Source\Scene\SceneController.cpp">
      <Filter>ソース ファイル\Scene</Filter>
    </ClCompile>
    <ClCompile Include="Resource\Source\Scene\MapEditScene.cpp">
      <Filter>ソース ファイル\Scene</Filter>
    </ClCompile>
    <ClCompile Include="Resource\Source\Game\MapCtrl.cpp">
      <Filter>ソース ファイル\Game</Filter>
    </ClCompile>
    <ClCompile Include="Resource\Source\Game\Camera.cpp">
      <Filter>ソース ファイル\Game</Filter>
    </ClCompile>
    <ClCompile Include="Resource\Source\System\main.cpp">
      <Filter>ソース ファイル\System</Filter>
    </ClCompile>
    <ClCompile Include="Resource\Source\System\Application.cpp">
      <Filter>ソース ファイル\System</Filter>
    </ClCompile>
    <ClCompile Include="Resource\Source\Utility\Input.cpp">
      <Filter>ソース ファイル\Utility</Filter>
    </ClCompile>
    <ClCompile Include="Resource\Source\Utility\DxLibUtility.cpp">
      <Filter>ソース ファイル\Utility</Filter>
    </ClCompile>
    <ClCompile Include="Resource\Source\Game\Astar.cpp">
      <Filter>ソース ファイル\Game</Filter>
    </ClCompile>
    <ClCompile Include="Resource\Source\Utility\Geometry.cpp">
      <Filter>ソース ファイル\Utility</Filter>
    </ClCompile>
    <ClCompile Include="Resource\Source\Game\Animator.cpp">
      <Filter>ソース ファイル\Game</Filter>
    </ClCompile>
    <ClCompile Include="Resource\Source\Scene\BattleScene.cpp">
      <Filter>ソース ファイル\Scene</Filter>
    </ClCompile>
    <ClCompile Include="Resource\Source\Game\Actor.cpp">
      <Filter>ソース ファイル\Game\Actor</Filter>
    </ClCompile>
    <ClCompile Include="Resource\Source\Game\EditCursor.cpp">
      <Filter>ソース ファイル\Game\Actor</Filter>
    </ClCompile>
    <ClCompile Include="Resource\Source\Game\MapCursor.cpp">
      <Filter>ソース ファイル\Game\Actor</Filter>
    </ClCompile>
    <ClCompile Include="Resource\Source\Game\PlayerCursor.cpp">
      <Filter>ソース ファイル\Game\Actor</Filter>
    </ClCompile>
    <ClCompile Include="Resource\Source\Game\Swordsman.cpp">
      <Filter>ソース ファイル\Game\Actor</Filter>
    </ClCompile>
    <ClCompile Include="Resource\Source\Game\Effect.cpp">
      <Filter>ソース ファイル\Game\Actor\Effect</Filter>
    </ClCompile>
    <ClCompile Include="Resource\Source\Game\Charactor.cpp">
      <Filter>ソース ファイル\Game\Actor</Filter>
    </ClCompile>
    <ClCompile Include="Resource\Source\Game\SlashingEffect.cpp">
      <Filter>ソース ファイル\Game\Actor\Effect</Filter>
    </ClCompile>
    <ClCompile Include="Resource\Source\System\FontLoader.cpp">
      <Filter>ソース ファイル\System</Filter>
    </ClCompile>
    <ClCompile Include="Resource\Source\Game\FlyText.cpp">
      <Filter>ソース ファイル\Game\Actor\Effect</Filter>
    </ClCompile>
    <ClCompile Include="Resource\Source\Game\Team.cpp">
      <Filter>ソース ファイル\Game</Filter>
    </ClCompile>
  </ItemGroup>
  <ItemGroup>
    <ClInclude Include="Resource\Source\Scene\PlayScene.h">
      <Filter>ヘッダー ファイル\Scene</Filter>
    </ClInclude>
    <ClInclude Include="Resource\Source\Scene\Scene.h">
      <Filter>ヘッダー ファイル\Scene</Filter>
    </ClInclude>
    <ClInclude Include="Resource\Source\Scene\SceneController.h">
      <Filter>ヘッダー ファイル\Scene</Filter>
    </ClInclude>
    <ClInclude Include="Resource\Source\System\Loader.h">
      <Filter>ヘッダー ファイル\System</Filter>
    </ClInclude>
    <ClInclude Include="Resource\Source\System\ImageLoader.h">
      <Filter>ヘッダー ファイル\System</Filter>
    </ClInclude>
    <ClInclude Include="Resource\Source\System\FileSystem.h">
      <Filter>ヘッダー ファイル\System</Filter>
    </ClInclude>
    <ClInclude Include="Resource\Source\Scene\MapEditScene.h">
      <Filter>ヘッダー ファイル\Scene</Filter>
    </ClInclude>
    <ClInclude Include="Resource\Source\Game\MapCtrl.h">
      <Filter>ヘッダー ファイル\Game</Filter>
    </ClInclude>
    <ClInclude Include="Resource\Source\Game\MapChip.h">
      <Filter>ヘッダー ファイル\Game</Filter>
    </ClInclude>
    <ClInclude Include="Resource\Source\Game\Camera.h">
      <Filter>ヘッダー ファイル\Game</Filter>
    </ClInclude>
    <ClInclude Include="Resource\Source\Utility\DxLibUtility.h">
      <Filter>ヘッダー ファイル\Utility</Filter>
    </ClInclude>
    <ClInclude Include="Resource\Source\Utility\Input.h">
      <Filter>ヘッダー ファイル\Utility</Filter>
    </ClInclude>
    <ClInclude Include="Resource\Source\System\Application.h">
      <Filter>ヘッダー ファイル\System</Filter>
    </ClInclude>
    <ClInclude Include="Resource\Source\Game\Astar.h">
      <Filter>ヘッダー ファイル\Game</Filter>
    </ClInclude>
    <ClInclude Include="Resource\Source\Utility\Geometry.h">
      <Filter>ヘッダー ファイル\Utility</Filter>
    </ClInclude>
    <ClInclude Include="Resource\Source\Utility\Dir.h">
      <Filter>ヘッダー ファイル\Utility</Filter>
    </ClInclude>
    <ClInclude Include="Resource\Source\Game\Team.h">
      <Filter>ヘッダー ファイル\Game</Filter>
    </ClInclude>
    <ClInclude Include="Resource\Source\Game\Animator.h">
      <Filter>ヘッダー ファイル\Game</Filter>
    </ClInclude>
    <ClInclude Include="Resource\Source\Scene\BattleScene.h">
      <Filter>ヘッダー ファイル\Scene</Filter>
    </ClInclude>
    <ClInclude Include="Resource\Source\Game\Actor.h">
      <Filter>ヘッダー ファイル\Game\Actor</Filter>
    </ClInclude>
    <ClInclude Include="Resource\Source\Game\Charactor.h">
      <Filter>ヘッダー ファイル\Game\Actor</Filter>
    </ClInclude>
    <ClInclude Include="Resource\Source\Game\EditCursor.h">
      <Filter>ヘッダー ファイル\Game\Actor</Filter>
    </ClInclude>
    <ClInclude Include="Resource\Source\Game\MapCursor.h">
      <Filter>ヘッダー ファイル\Game\Actor</Filter>
    </ClInclude>
    <ClInclude Include="Resource\Source\Game\PlayerCursor.h">
      <Filter>ヘッダー ファイル\Game\Actor</Filter>
    </ClInclude>
    <ClInclude Include="Resource\Source\Game\Swordsman.h">
      <Filter>ヘッダー ファイル\Game\Actor</Filter>
    </ClInclude>
    <ClInclude Include="Resource\Source\Game\Effect.h">
      <Filter>ヘッダー ファイル\Game\Actor\Effect</Filter>
    </ClInclude>
    <ClInclude Include="Resource\Source\Game\SlashingEffect.h">
      <Filter>ヘッダー ファイル\Game\Actor\Effect</Filter>
    </ClInclude>
    <ClInclude Include="Resource\Source\System\FontLoader.h">
      <Filter>ヘッダー ファイル\System</Filter>
    </ClInclude>
    <ClInclude Include="Resource\Source\Game\FlyText.h">
      <Filter>ヘッダー ファイル\Game\Actor\Effect</Filter>
    </ClInclude>
  </ItemGroup>
</Project>